// !$*UTF8*$!
{
	archiveVersion = 1;
	classes = {
	};
	objectVersion = 56;
	objects = {

/* Begin PBXBuildFile section */
		D49D1FE2297425290050EA60 /* JapanTravelRouletteApp.swift in Sources */ = {isa = PBXBuildFile; fileRef = D49D1FE1297425290050EA60 /* JapanTravelRouletteApp.swift */; };
		D49D1FE4297425290050EA60 /* ContentView.swift in Sources */ = {isa = PBXBuildFile; fileRef = D49D1FE3297425290050EA60 /* ContentView.swift */; };
		D49D1FE62974252C0050EA60 /* Assets.xcassets in Resources */ = {isa = PBXBuildFile; fileRef = D49D1FE52974252C0050EA60 /* Assets.xcassets */; };
		D49D1FE92974252C0050EA60 /* Preview Assets.xcassets in Resources */ = {isa = PBXBuildFile; fileRef = D49D1FE82974252C0050EA60 /* Preview Assets.xcassets */; };
		D49D1FF32974252C0050EA60 /* JapanTravelRouletteTests.swift in Sources */ = {isa = PBXBuildFile; fileRef = D49D1FF22974252C0050EA60 /* JapanTravelRouletteTests.swift */; };
		D49D1FFD2974252C0050EA60 /* JapanTravelRouletteUITests.swift in Sources */ = {isa = PBXBuildFile; fileRef = D49D1FFC2974252C0050EA60 /* JapanTravelRouletteUITests.swift */; };
		D49D1FFF2974252C0050EA60 /* JapanTravelRouletteUITestsLaunchTests.swift in Sources */ = {isa = PBXBuildFile; fileRef = D49D1FFE2974252C0050EA60 /* JapanTravelRouletteUITestsLaunchTests.swift */; };
		D49D200C297427450050EA60 /* RouletteScreen.swift in Sources */ = {isa = PBXBuildFile; fileRef = D49D200B297427450050EA60 /* RouletteScreen.swift */; };
		D49D200E297427A10050EA60 /* TravelRecordScreen.swift in Sources */ = {isa = PBXBuildFile; fileRef = D49D200D297427A10050EA60 /* TravelRecordScreen.swift */; };
		D49D20102974291A0050EA60 /* PrefectureNameView.swift in Sources */ = {isa = PBXBuildFile; fileRef = D49D200F2974291A0050EA60 /* PrefectureNameView.swift */; };
		D49D2012297429620050EA60 /* TravelRecordViewModel.swift in Sources */ = {isa = PBXBuildFile; fileRef = D49D2011297429620050EA60 /* TravelRecordViewModel.swift */; };
		D49D2014297429A40050EA60 /* Prefecture.swift in Sources */ = {isa = PBXBuildFile; fileRef = D49D2013297429A40050EA60 /* Prefecture.swift */; };
		D49D20162974B6500050EA60 /* RouletteScreenViewModel.swift in Sources */ = {isa = PBXBuildFile; fileRef = D49D20152974B6500050EA60 /* RouletteScreenViewModel.swift */; };
		D49D20182974B6E90050EA60 /* LottieView.swift in Sources */ = {isa = PBXBuildFile; fileRef = D49D20172974B6E90050EA60 /* LottieView.swift */; };
		D49D201B2974B73C0050EA60 /* Lottie in Frameworks */ = {isa = PBXBuildFile; productRef = D49D201A2974B73C0050EA60 /* Lottie */; };
		D49D201D2974B77B0050EA60 /* three_two_one.json in Resources */ = {isa = PBXBuildFile; fileRef = D49D201C2974B77B0050EA60 /* three_two_one.json */; };
		D49D20202975FF860050EA60 /* Element+Extension.swift in Sources */ = {isa = PBXBuildFile; fileRef = D49D201F2975FF860050EA60 /* Element+Extension.swift */; };
/* End PBXBuildFile section */

/* Begin PBXContainerItemProxy section */
		D49D1FEF2974252C0050EA60 /* PBXContainerItemProxy */ = {
			isa = PBXContainerItemProxy;
			containerPortal = D49D1FD6297425290050EA60 /* Project object */;
			proxyType = 1;
			remoteGlobalIDString = D49D1FDD297425290050EA60;
			remoteInfo = JapanTravelRoulette;
		};
		D49D1FF92974252C0050EA60 /* PBXContainerItemProxy */ = {
			isa = PBXContainerItemProxy;
			containerPortal = D49D1FD6297425290050EA60 /* Project object */;
			proxyType = 1;
			remoteGlobalIDString = D49D1FDD297425290050EA60;
			remoteInfo = JapanTravelRoulette;
		};
/* End PBXContainerItemProxy section */

/* Begin PBXFileReference section */
		D49D1FDE297425290050EA60 /* JapanTravelRoulette.app */ = {isa = PBXFileReference; explicitFileType = wrapper.application; includeInIndex = 0; path = JapanTravelRoulette.app; sourceTree = BUILT_PRODUCTS_DIR; };
		D49D1FE1297425290050EA60 /* JapanTravelRouletteApp.swift */ = {isa = PBXFileReference; lastKnownFileType = sourcecode.swift; path = JapanTravelRouletteApp.swift; sourceTree = "<group>"; };
		D49D1FE3297425290050EA60 /* ContentView.swift */ = {isa = PBXFileReference; lastKnownFileType = sourcecode.swift; path = ContentView.swift; sourceTree = "<group>"; };
		D49D1FE52974252C0050EA60 /* Assets.xcassets */ = {isa = PBXFileReference; lastKnownFileType = folder.assetcatalog; path = Assets.xcassets; sourceTree = "<group>"; };
		D49D1FE82974252C0050EA60 /* Preview Assets.xcassets */ = {isa = PBXFileReference; lastKnownFileType = folder.assetcatalog; path = "Preview Assets.xcassets"; sourceTree = "<group>"; };
		D49D1FEE2974252C0050EA60 /* JapanTravelRouletteTests.xctest */ = {isa = PBXFileReference; explicitFileType = wrapper.cfbundle; includeInIndex = 0; path = JapanTravelRouletteTests.xctest; sourceTree = BUILT_PRODUCTS_DIR; };
		D49D1FF22974252C0050EA60 /* JapanTravelRouletteTests.swift */ = {isa = PBXFileReference; lastKnownFileType = sourcecode.swift; path = JapanTravelRouletteTests.swift; sourceTree = "<group>"; };
		D49D1FF82974252C0050EA60 /* JapanTravelRouletteUITests.xctest */ = {isa = PBXFileReference; explicitFileType = wrapper.cfbundle; includeInIndex = 0; path = JapanTravelRouletteUITests.xctest; sourceTree = BUILT_PRODUCTS_DIR; };
		D49D1FFC2974252C0050EA60 /* JapanTravelRouletteUITests.swift */ = {isa = PBXFileReference; lastKnownFileType = sourcecode.swift; path = JapanTravelRouletteUITests.swift; sourceTree = "<group>"; };
		D49D1FFE2974252C0050EA60 /* JapanTravelRouletteUITestsLaunchTests.swift */ = {isa = PBXFileReference; lastKnownFileType = sourcecode.swift; path = JapanTravelRouletteUITestsLaunchTests.swift; sourceTree = "<group>"; };
		D49D200B297427450050EA60 /* RouletteScreen.swift */ = {isa = PBXFileReference; lastKnownFileType = sourcecode.swift; path = RouletteScreen.swift; sourceTree = "<group>"; };
		D49D200D297427A10050EA60 /* TravelRecordScreen.swift */ = {isa = PBXFileReference; lastKnownFileType = sourcecode.swift; path = TravelRecordScreen.swift; sourceTree = "<group>"; };
		D49D200F2974291A0050EA60 /* PrefectureNameView.swift */ = {isa = PBXFileReference; lastKnownFileType = sourcecode.swift; path = PrefectureNameView.swift; sourceTree = "<group>"; };
		D49D2011297429620050EA60 /* TravelRecordViewModel.swift */ = {isa = PBXFileReference; lastKnownFileType = sourcecode.swift; path = TravelRecordViewModel.swift; sourceTree = "<group>"; };
		D49D2013297429A40050EA60 /* Prefecture.swift */ = {isa = PBXFileReference; lastKnownFileType = sourcecode.swift; path = Prefecture.swift; sourceTree = "<group>"; };
		D49D20152974B6500050EA60 /* RouletteScreenViewModel.swift */ = {isa = PBXFileReference; lastKnownFileType = sourcecode.swift; path = RouletteScreenViewModel.swift; sourceTree = "<group>"; };
		D49D20172974B6E90050EA60 /* LottieView.swift */ = {isa = PBXFileReference; lastKnownFileType = sourcecode.swift; path = LottieView.swift; sourceTree = "<group>"; };
		D49D201C2974B77B0050EA60 /* three_two_one.json */ = {isa = PBXFileReference; fileEncoding = 4; lastKnownFileType = text.json; path = three_two_one.json; sourceTree = "<group>"; };
		D49D201F2975FF860050EA60 /* Element+Extension.swift */ = {isa = PBXFileReference; lastKnownFileType = sourcecode.swift; path = "Element+Extension.swift"; sourceTree = "<group>"; };
/* End PBXFileReference section */

/* Begin PBXFrameworksBuildPhase section */
		D49D1FDB297425290050EA60 /* Frameworks */ = {
			isa = PBXFrameworksBuildPhase;
			buildActionMask = 2147483647;
			files = (
				D49D201B2974B73C0050EA60 /* Lottie in Frameworks */,
			);
			runOnlyForDeploymentPostprocessing = 0;
		};
		D49D1FEB2974252C0050EA60 /* Frameworks */ = {
			isa = PBXFrameworksBuildPhase;
			buildActionMask = 2147483647;
			files = (
			);
			runOnlyForDeploymentPostprocessing = 0;
		};
		D49D1FF52974252C0050EA60 /* Frameworks */ = {
			isa = PBXFrameworksBuildPhase;
			buildActionMask = 2147483647;
			files = (
			);
			runOnlyForDeploymentPostprocessing = 0;
		};
/* End PBXFrameworksBuildPhase section */

/* Begin PBXGroup section */
		D49D1FD5297425290050EA60 = {
			isa = PBXGroup;
			children = (
				D49D1FE0297425290050EA60 /* JapanTravelRoulette */,
				D49D1FF12974252C0050EA60 /* JapanTravelRouletteTests */,
				D49D1FFB2974252C0050EA60 /* JapanTravelRouletteUITests */,
				D49D1FDF297425290050EA60 /* Products */,
			);
			sourceTree = "<group>";
		};
		D49D1FDF297425290050EA60 /* Products */ = {
			isa = PBXGroup;
			children = (
				D49D1FDE297425290050EA60 /* JapanTravelRoulette.app */,
				D49D1FEE2974252C0050EA60 /* JapanTravelRouletteTests.xctest */,
				D49D1FF82974252C0050EA60 /* JapanTravelRouletteUITests.xctest */,
			);
			name = Products;
			sourceTree = "<group>";
		};
		D49D1FE0297425290050EA60 /* JapanTravelRoulette */ = {
			isa = PBXGroup;
			children = (
				D49D2022297603500050EA60 /* Roulette */,
				D49D2021297603480050EA60 /* TravelRecord */,
				D49D201E2975FF740050EA60 /* Extension */,
				D49D2013297429A40050EA60 /* Prefecture.swift */,
				D49D1FE1297425290050EA60 /* JapanTravelRouletteApp.swift */,
				D49D1FE3297425290050EA60 /* ContentView.swift */,
				D49D20172974B6E90050EA60 /* LottieView.swift */,
				D49D201C2974B77B0050EA60 /* three_two_one.json */,
				D49D1FE52974252C0050EA60 /* Assets.xcassets */,
				D49D1FE72974252C0050EA60 /* Preview Content */,
			);
			path = JapanTravelRoulette;
			sourceTree = "<group>";
		};
		D49D1FE72974252C0050EA60 /* Preview Content */ = {
			isa = PBXGroup;
			children = (
				D49D1FE82974252C0050EA60 /* Preview Assets.xcassets */,
			);
			path = "Preview Content";
			sourceTree = "<group>";
		};
		D49D1FF12974252C0050EA60 /* JapanTravelRouletteTests */ = {
			isa = PBXGroup;
			children = (
				D49D1FF22974252C0050EA60 /* JapanTravelRouletteTests.swift */,
			);
			path = JapanTravelRouletteTests;
			sourceTree = "<group>";
		};
		D49D1FFB2974252C0050EA60 /* JapanTravelRouletteUITests */ = {
			isa = PBXGroup;
			children = (
				D49D1FFC2974252C0050EA60 /* JapanTravelRouletteUITests.swift */,
				D49D1FFE2974252C0050EA60 /* JapanTravelRouletteUITestsLaunchTests.swift */,
			);
			path = JapanTravelRouletteUITests;
			sourceTree = "<group>";
		};
		D49D201E2975FF740050EA60 /* Extension */ = {
			isa = PBXGroup;
			children = (
				D49D201F2975FF860050EA60 /* Element+Extension.swift */,
			);
			path = Extension;
			sourceTree = "<group>";
		};
		D49D2021297603480050EA60 /* TravelRecord */ = {
			isa = PBXGroup;
			children = (
				D49D200D297427A10050EA60 /* TravelRecordScreen.swift */,
				D49D2011297429620050EA60 /* TravelRecordViewModel.swift */,
				D49D200F2974291A0050EA60 /* PrefectureNameView.swift */,
			);
			path = TravelRecord;
			sourceTree = "<group>";
		};
		D49D2022297603500050EA60 /* Roulette */ = {
			isa = PBXGroup;
			children = (
				D49D200B297427450050EA60 /* RouletteScreen.swift */,
				D49D20152974B6500050EA60 /* RouletteScreenViewModel.swift */,
			);
			path = Roulette;
			sourceTree = "<group>";
		};
/* End PBXGroup section */

/* Begin PBXNativeTarget section */
		D49D1FDD297425290050EA60 /* JapanTravelRoulette */ = {
			isa = PBXNativeTarget;
			buildConfigurationList = D49D20022974252C0050EA60 /* Build configuration list for PBXNativeTarget "JapanTravelRoulette" */;
			buildPhases = (
				D49D1FDA297425290050EA60 /* Sources */,
				D49D1FDB297425290050EA60 /* Frameworks */,
				D49D1FDC297425290050EA60 /* Resources */,
			);
			buildRules = (
			);
			dependencies = (
			);
			name = JapanTravelRoulette;
			packageProductDependencies = (
				D49D201A2974B73C0050EA60 /* Lottie */,
			);
			productName = JapanTravelRoulette;
			productReference = D49D1FDE297425290050EA60 /* JapanTravelRoulette.app */;
			productType = "com.apple.product-type.application";
		};
		D49D1FED2974252C0050EA60 /* JapanTravelRouletteTests */ = {
			isa = PBXNativeTarget;
			buildConfigurationList = D49D20052974252C0050EA60 /* Build configuration list for PBXNativeTarget "JapanTravelRouletteTests" */;
			buildPhases = (
				D49D1FEA2974252C0050EA60 /* Sources */,
				D49D1FEB2974252C0050EA60 /* Frameworks */,
				D49D1FEC2974252C0050EA60 /* Resources */,
			);
			buildRules = (
			);
			dependencies = (
				D49D1FF02974252C0050EA60 /* PBXTargetDependency */,
			);
			name = JapanTravelRouletteTests;
			productName = JapanTravelRouletteTests;
			productReference = D49D1FEE2974252C0050EA60 /* JapanTravelRouletteTests.xctest */;
			productType = "com.apple.product-type.bundle.unit-test";
		};
		D49D1FF72974252C0050EA60 /* JapanTravelRouletteUITests */ = {
			isa = PBXNativeTarget;
			buildConfigurationList = D49D20082974252C0050EA60 /* Build configuration list for PBXNativeTarget "JapanTravelRouletteUITests" */;
			buildPhases = (
				D49D1FF42974252C0050EA60 /* Sources */,
				D49D1FF52974252C0050EA60 /* Frameworks */,
				D49D1FF62974252C0050EA60 /* Resources */,
			);
			buildRules = (
			);
			dependencies = (
				D49D1FFA2974252C0050EA60 /* PBXTargetDependency */,
			);
			name = JapanTravelRouletteUITests;
			productName = JapanTravelRouletteUITests;
			productReference = D49D1FF82974252C0050EA60 /* JapanTravelRouletteUITests.xctest */;
			productType = "com.apple.product-type.bundle.ui-testing";
		};
/* End PBXNativeTarget section */

/* Begin PBXProject section */
		D49D1FD6297425290050EA60 /* Project object */ = {
			isa = PBXProject;
			attributes = {
				BuildIndependentTargetsInParallel = 1;
				LastSwiftUpdateCheck = 1420;
				LastUpgradeCheck = 1420;
				TargetAttributes = {
					D49D1FDD297425290050EA60 = {
						CreatedOnToolsVersion = 14.2;
					};
					D49D1FED2974252C0050EA60 = {
						CreatedOnToolsVersion = 14.2;
						TestTargetID = D49D1FDD297425290050EA60;
					};
					D49D1FF72974252C0050EA60 = {
						CreatedOnToolsVersion = 14.2;
						TestTargetID = D49D1FDD297425290050EA60;
					};
				};
			};
			buildConfigurationList = D49D1FD9297425290050EA60 /* Build configuration list for PBXProject "JapanTravelRoulette" */;
			compatibilityVersion = "Xcode 14.0";
			developmentRegion = en;
			hasScannedForEncodings = 0;
			knownRegions = (
				en,
				Base,
			);
			mainGroup = D49D1FD5297425290050EA60;
			packageReferences = (
				D49D20192974B73C0050EA60 /* XCRemoteSwiftPackageReference "lottie-ios" */,
			);
			productRefGroup = D49D1FDF297425290050EA60 /* Products */;
			projectDirPath = "";
			projectRoot = "";
			targets = (
				D49D1FDD297425290050EA60 /* JapanTravelRoulette */,
				D49D1FED2974252C0050EA60 /* JapanTravelRouletteTests */,
				D49D1FF72974252C0050EA60 /* JapanTravelRouletteUITests */,
			);
		};
/* End PBXProject section */

/* Begin PBXResourcesBuildPhase section */
		D49D1FDC297425290050EA60 /* Resources */ = {
			isa = PBXResourcesBuildPhase;
			buildActionMask = 2147483647;
			files = (
				D49D1FE92974252C0050EA60 /* Preview Assets.xcassets in Resources */,
				D49D1FE62974252C0050EA60 /* Assets.xcassets in Resources */,
				D49D201D2974B77B0050EA60 /* three_two_one.json in Resources */,
			);
			runOnlyForDeploymentPostprocessing = 0;
		};
		D49D1FEC2974252C0050EA60 /* Resources */ = {
			isa = PBXResourcesBuildPhase;
			buildActionMask = 2147483647;
			files = (
			);
			runOnlyForDeploymentPostprocessing = 0;
		};
		D49D1FF62974252C0050EA60 /* Resources */ = {
			isa = PBXResourcesBuildPhase;
			buildActionMask = 2147483647;
			files = (
			);
			runOnlyForDeploymentPostprocessing = 0;
		};
/* End PBXResourcesBuildPhase section */

/* Begin PBXSourcesBuildPhase section */
		D49D1FDA297425290050EA60 /* Sources */ = {
			isa = PBXSourcesBuildPhase;
			buildActionMask = 2147483647;
			files = (
				D49D20162974B6500050EA60 /* RouletteScreenViewModel.swift in Sources */,
				D49D2014297429A40050EA60 /* Prefecture.swift in Sources */,
				D49D20182974B6E90050EA60 /* LottieView.swift in Sources */,
				D49D200E297427A10050EA60 /* TravelRecordScreen.swift in Sources */,
				D49D2012297429620050EA60 /* TravelRecordViewModel.swift in Sources */,
				D49D200C297427450050EA60 /* RouletteScreen.swift in Sources */,
				D49D1FE4297425290050EA60 /* ContentView.swift in Sources */,
				D49D20102974291A0050EA60 /* PrefectureNameView.swift in Sources */,
				D49D20202975FF860050EA60 /* Element+Extension.swift in Sources */,
				D49D1FE2297425290050EA60 /* JapanTravelRouletteApp.swift in Sources */,
			);
			runOnlyForDeploymentPostprocessing = 0;
		};
		D49D1FEA2974252C0050EA60 /* Sources */ = {
			isa = PBXSourcesBuildPhase;
			buildActionMask = 2147483647;
			files = (
				D49D1FF32974252C0050EA60 /* JapanTravelRouletteTests.swift in Sources */,
			);
			runOnlyForDeploymentPostprocessing = 0;
		};
		D49D1FF42974252C0050EA60 /* Sources */ = {
			isa = PBXSourcesBuildPhase;
			buildActionMask = 2147483647;
			files = (
				D49D1FFD2974252C0050EA60 /* JapanTravelRouletteUITests.swift in Sources */,
				D49D1FFF2974252C0050EA60 /* JapanTravelRouletteUITestsLaunchTests.swift in Sources */,
			);
			runOnlyForDeploymentPostprocessing = 0;
		};
/* End PBXSourcesBuildPhase section */

/* Begin PBXTargetDependency section */
		D49D1FF02974252C0050EA60 /* PBXTargetDependency */ = {
			isa = PBXTargetDependency;
			target = D49D1FDD297425290050EA60 /* JapanTravelRoulette */;
			targetProxy = D49D1FEF2974252C0050EA60 /* PBXContainerItemProxy */;
		};
		D49D1FFA2974252C0050EA60 /* PBXTargetDependency */ = {
			isa = PBXTargetDependency;
			target = D49D1FDD297425290050EA60 /* JapanTravelRoulette */;
			targetProxy = D49D1FF92974252C0050EA60 /* PBXContainerItemProxy */;
		};
/* End PBXTargetDependency section */

/* Begin XCBuildConfiguration section */
		D49D20002974252C0050EA60 /* Debug */ = {
			isa = XCBuildConfiguration;
			buildSettings = {
				ALWAYS_SEARCH_USER_PATHS = NO;
				CLANG_ANALYZER_NONNULL = YES;
				CLANG_ANALYZER_NUMBER_OBJECT_CONVERSION = YES_AGGRESSIVE;
				CLANG_CXX_LANGUAGE_STANDARD = "gnu++20";
				CLANG_ENABLE_MODULES = YES;
				CLANG_ENABLE_OBJC_ARC = YES;
				CLANG_ENABLE_OBJC_WEAK = YES;
				CLANG_WARN_BLOCK_CAPTURE_AUTORELEASING = YES;
				CLANG_WARN_BOOL_CONVERSION = YES;
				CLANG_WARN_COMMA = YES;
				CLANG_WARN_CONSTANT_CONVERSION = YES;
				CLANG_WARN_DEPRECATED_OBJC_IMPLEMENTATIONS = YES;
				CLANG_WARN_DIRECT_OBJC_ISA_USAGE = YES_ERROR;
				CLANG_WARN_DOCUMENTATION_COMMENTS = YES;
				CLANG_WARN_EMPTY_BODY = YES;
				CLANG_WARN_ENUM_CONVERSION = YES;
				CLANG_WARN_INFINITE_RECURSION = YES;
				CLANG_WARN_INT_CONVERSION = YES;
				CLANG_WARN_NON_LITERAL_NULL_CONVERSION = YES;
				CLANG_WARN_OBJC_IMPLICIT_RETAIN_SELF = YES;
				CLANG_WARN_OBJC_LITERAL_CONVERSION = YES;
				CLANG_WARN_OBJC_ROOT_CLASS = YES_ERROR;
				CLANG_WARN_QUOTED_INCLUDE_IN_FRAMEWORK_HEADER = YES;
				CLANG_WARN_RANGE_LOOP_ANALYSIS = YES;
				CLANG_WARN_STRICT_PROTOTYPES = YES;
				CLANG_WARN_SUSPICIOUS_MOVE = YES;
				CLANG_WARN_UNGUARDED_AVAILABILITY = YES_AGGRESSIVE;
				CLANG_WARN_UNREACHABLE_CODE = YES;
				CLANG_WARN__DUPLICATE_METHOD_MATCH = YES;
				COPY_PHASE_STRIP = NO;
				DEBUG_INFORMATION_FORMAT = dwarf;
				ENABLE_STRICT_OBJC_MSGSEND = YES;
				ENABLE_TESTABILITY = YES;
				GCC_C_LANGUAGE_STANDARD = gnu11;
				GCC_DYNAMIC_NO_PIC = NO;
				GCC_NO_COMMON_BLOCKS = YES;
				GCC_OPTIMIZATION_LEVEL = 0;
				GCC_PREPROCESSOR_DEFINITIONS = (
					"DEBUG=1",
					"$(inherited)",
				);
				GCC_WARN_64_TO_32_BIT_CONVERSION = YES;
				GCC_WARN_ABOUT_RETURN_TYPE = YES_ERROR;
				GCC_WARN_UNDECLARED_SELECTOR = YES;
				GCC_WARN_UNINITIALIZED_AUTOS = YES_AGGRESSIVE;
				GCC_WARN_UNUSED_FUNCTION = YES;
				GCC_WARN_UNUSED_VARIABLE = YES;
				IPHONEOS_DEPLOYMENT_TARGET = 16.2;
				MTL_ENABLE_DEBUG_INFO = INCLUDE_SOURCE;
				MTL_FAST_MATH = YES;
				ONLY_ACTIVE_ARCH = YES;
				SDKROOT = iphoneos;
				SWIFT_ACTIVE_COMPILATION_CONDITIONS = DEBUG;
				SWIFT_OPTIMIZATION_LEVEL = "-Onone";
			};
			name = Debug;
		};
		D49D20012974252C0050EA60 /* Release */ = {
			isa = XCBuildConfiguration;
			buildSettings = {
				ALWAYS_SEARCH_USER_PATHS = NO;
				CLANG_ANALYZER_NONNULL = YES;
				CLANG_ANALYZER_NUMBER_OBJECT_CONVERSION = YES_AGGRESSIVE;
				CLANG_CXX_LANGUAGE_STANDARD = "gnu++20";
				CLANG_ENABLE_MODULES = YES;
				CLANG_ENABLE_OBJC_ARC = YES;
				CLANG_ENABLE_OBJC_WEAK = YES;
				CLANG_WARN_BLOCK_CAPTURE_AUTORELEASING = YES;
				CLANG_WARN_BOOL_CONVERSION = YES;
				CLANG_WARN_COMMA = YES;
				CLANG_WARN_CONSTANT_CONVERSION = YES;
				CLANG_WARN_DEPRECATED_OBJC_IMPLEMENTATIONS = YES;
				CLANG_WARN_DIRECT_OBJC_ISA_USAGE = YES_ERROR;
				CLANG_WARN_DOCUMENTATION_COMMENTS = YES;
				CLANG_WARN_EMPTY_BODY = YES;
				CLANG_WARN_ENUM_CONVERSION = YES;
				CLANG_WARN_INFINITE_RECURSION = YES;
				CLANG_WARN_INT_CONVERSION = YES;
				CLANG_WARN_NON_LITERAL_NULL_CONVERSION = YES;
				CLANG_WARN_OBJC_IMPLICIT_RETAIN_SELF = YES;
				CLANG_WARN_OBJC_LITERAL_CONVERSION = YES;
				CLANG_WARN_OBJC_ROOT_CLASS = YES_ERROR;
				CLANG_WARN_QUOTED_INCLUDE_IN_FRAMEWORK_HEADER = YES;
				CLANG_WARN_RANGE_LOOP_ANALYSIS = YES;
				CLANG_WARN_STRICT_PROTOTYPES = YES;
				CLANG_WARN_SUSPICIOUS_MOVE = YES;
				CLANG_WARN_UNGUARDED_AVAILABILITY = YES_AGGRESSIVE;
				CLANG_WARN_UNREACHABLE_CODE = YES;
				CLANG_WARN__DUPLICATE_METHOD_MATCH = YES;
				COPY_PHASE_STRIP = NO;
				DEBUG_INFORMATION_FORMAT = "dwarf-with-dsym";
				ENABLE_NS_ASSERTIONS = NO;
				ENABLE_STRICT_OBJC_MSGSEND = YES;
				GCC_C_LANGUAGE_STANDARD = gnu11;
				GCC_NO_COMMON_BLOCKS = YES;
				GCC_WARN_64_TO_32_BIT_CONVERSION = YES;
				GCC_WARN_ABOUT_RETURN_TYPE = YES_ERROR;
				GCC_WARN_UNDECLARED_SELECTOR = YES;
				GCC_WARN_UNINITIALIZED_AUTOS = YES_AGGRESSIVE;
				GCC_WARN_UNUSED_FUNCTION = YES;
				GCC_WARN_UNUSED_VARIABLE = YES;
				IPHONEOS_DEPLOYMENT_TARGET = 16.2;
				MTL_ENABLE_DEBUG_INFO = NO;
				MTL_FAST_MATH = YES;
				SDKROOT = iphoneos;
				SWIFT_COMPILATION_MODE = wholemodule;
				SWIFT_OPTIMIZATION_LEVEL = "-O";
				VALIDATE_PRODUCT = YES;
			};
			name = Release;
		};
		D49D20032974252C0050EA60 /* Debug */ = {
			isa = XCBuildConfiguration;
			buildSettings = {
				ASSETCATALOG_COMPILER_APPICON_NAME = AppIcon;
				ASSETCATALOG_COMPILER_GLOBAL_ACCENT_COLOR_NAME = AccentColor;
				CODE_SIGN_STYLE = Automatic;
				CURRENT_PROJECT_VERSION = 2;
				DEVELOPMENT_ASSET_PATHS = "\"JapanTravelRoulette/Preview Content\"";
				DEVELOPMENT_TEAM = 95L82PNXV3;
				ENABLE_PREVIEWS = YES;
				GENERATE_INFOPLIST_FILE = YES;
				INFOPLIST_KEY_CFBundleDisplayName = "次日本のどこいく？";
				INFOPLIST_KEY_UIApplicationSceneManifest_Generation = YES;
				INFOPLIST_KEY_UIApplicationSupportsIndirectInputEvents = YES;
				INFOPLIST_KEY_UILaunchScreen_Generation = YES;
				INFOPLIST_KEY_UISupportedInterfaceOrientations_iPad = "UIInterfaceOrientationPortrait UIInterfaceOrientationPortraitUpsideDown UIInterfaceOrientationLandscapeLeft UIInterfaceOrientationLandscapeRight";
				INFOPLIST_KEY_UISupportedInterfaceOrientations_iPhone = "UIInterfaceOrientationPortrait UIInterfaceOrientationLandscapeLeft UIInterfaceOrientationLandscapeRight";
				INFOPLIST_KEY_UIUserInterfaceStyle = Light;
				LD_RUNPATH_SEARCH_PATHS = (
					"$(inherited)",
					"@executable_path/Frameworks",
				);
				MARKETING_VERSION = 1.0;
				PRODUCT_BUNDLE_IDENTIFIER = com.kamimi.JapanTravelRoulette;
				PRODUCT_NAME = "$(TARGET_NAME)";
				SWIFT_EMIT_LOC_STRINGS = YES;
				SWIFT_VERSION = 5.0;
				TARGETED_DEVICE_FAMILY = 1;
			};
			name = Debug;
		};
		D49D20042974252C0050EA60 /* Release */ = {
			isa = XCBuildConfiguration;
			buildSettings = {
				ASSETCATALOG_COMPILER_APPICON_NAME = AppIcon;
				ASSETCATALOG_COMPILER_GLOBAL_ACCENT_COLOR_NAME = AccentColor;
				CODE_SIGN_STYLE = Automatic;
				CURRENT_PROJECT_VERSION = 2;
				DEVELOPMENT_ASSET_PATHS = "\"JapanTravelRoulette/Preview Content\"";
				DEVELOPMENT_TEAM = 95L82PNXV3;
				ENABLE_PREVIEWS = YES;
				GENERATE_INFOPLIST_FILE = YES;
				INFOPLIST_KEY_CFBundleDisplayName = "次日本のどこいく？";
				INFOPLIST_KEY_UIApplicationSceneManifest_Generation = YES;
				INFOPLIST_KEY_UIApplicationSupportsIndirectInputEvents = YES;
				INFOPLIST_KEY_UILaunchScreen_Generation = YES;
				INFOPLIST_KEY_UISupportedInterfaceOrientations_iPad = "UIInterfaceOrientationPortrait UIInterfaceOrientationPortraitUpsideDown UIInterfaceOrientationLandscapeLeft UIInterfaceOrientationLandscapeRight";
				INFOPLIST_KEY_UISupportedInterfaceOrientations_iPhone = "UIInterfaceOrientationPortrait UIInterfaceOrientationLandscapeLeft UIInterfaceOrientationLandscapeRight";
				INFOPLIST_KEY_UIUserInterfaceStyle = Light;
				LD_RUNPATH_SEARCH_PATHS = (
					"$(inherited)",
					"@executable_path/Frameworks",
				);
				MARKETING_VERSION = 1.0;
				PRODUCT_BUNDLE_IDENTIFIER = com.kamimi.JapanTravelRoulette;
				PRODUCT_NAME = "$(TARGET_NAME)";
				SWIFT_EMIT_LOC_STRINGS = YES;
				SWIFT_VERSION = 5.0;
				TARGETED_DEVICE_FAMILY = 1;
			};
			name = Release;
		};
		D49D20062974252C0050EA60 /* Debug */ = {
			isa = XCBuildConfiguration;
			buildSettings = {
				ALWAYS_EMBED_SWIFT_STANDARD_LIBRARIES = YES;
				BUNDLE_LOADER = "$(TEST_HOST)";
				CODE_SIGN_STYLE = Automatic;
				CURRENT_PROJECT_VERSION = 1;
				DEVELOPMENT_TEAM = 95L82PNXV3;
				GENERATE_INFOPLIST_FILE = YES;
				IPHONEOS_DEPLOYMENT_TARGET = 16.2;
				MARKETING_VERSION = 1.0;
				PRODUCT_BUNDLE_IDENTIFIER = com.kamimi.JapanTravelRouletteTests;
				PRODUCT_NAME = "$(TARGET_NAME)";
				SWIFT_EMIT_LOC_STRINGS = NO;
				SWIFT_VERSION = 5.0;
				TARGETED_DEVICE_FAMILY = "1,2";
				TEST_HOST = "$(BUILT_PRODUCTS_DIR)/JapanTravelRoulette.app/$(BUNDLE_EXECUTABLE_FOLDER_PATH)/JapanTravelRoulette";
			};
			name = Debug;
		};
		D49D20072974252C0050EA60 /* Release */ = {
			isa = XCBuildConfiguration;
			buildSettings = {
				ALWAYS_EMBED_SWIFT_STANDARD_LIBRARIES = YES;
				BUNDLE_LOADER = "$(TEST_HOST)";
				CODE_SIGN_STYLE = Automatic;
				CURRENT_PROJECT_VERSION = 1;
				DEVELOPMENT_TEAM = 95L82PNXV3;
				GENERATE_INFOPLIST_FILE = YES;
				IPHONEOS_DEPLOYMENT_TARGET = 16.2;
				MARKETING_VERSION = 1.0;
				PRODUCT_BUNDLE_IDENTIFIER = com.kamimi.JapanTravelRouletteTests;
				PRODUCT_NAME = "$(TARGET_NAME)";
				SWIFT_EMIT_LOC_STRINGS = NO;
				SWIFT_VERSION = 5.0;
				TARGETED_DEVICE_FAMILY = "1,2";
				TEST_HOST = "$(BUILT_PRODUCTS_DIR)/JapanTravelRoulette.app/$(BUNDLE_EXECUTABLE_FOLDER_PATH)/JapanTravelRoulette";
			};
			name = Release;
		};
		D49D20092974252C0050EA60 /* Debug */ = {
			isa = XCBuildConfiguration;
			buildSettings = {
				ALWAYS_EMBED_SWIFT_STANDARD_LIBRARIES = YES;
				CODE_SIGN_STYLE = Automatic;
				CURRENT_PROJECT_VERSION = 1;
				DEVELOPMENT_TEAM = 95L82PNXV3;
				GENERATE_INFOPLIST_FILE = YES;
				MARKETING_VERSION = 1.0;
				PRODUCT_BUNDLE_IDENTIFIER = com.kamimi.JapanTravelRouletteUITests;
				PRODUCT_NAME = "$(TARGET_NAME)";
				SWIFT_EMIT_LOC_STRINGS = NO;
				SWIFT_VERSION = 5.0;
				TARGETED_DEVICE_FAMILY = "1,2";
				TEST_TARGET_NAME = JapanTravelRoulette;
			};
			name = Debug;
		};
		D49D200A2974252C0050EA60 /* Release */ = {
			isa = XCBuildConfiguration;
			buildSettings = {
				ALWAYS_EMBED_SWIFT_STANDARD_LIBRARIES = YES;
				CODE_SIGN_STYLE = Automatic;
				CURRENT_PROJECT_VERSION = 1;
				DEVELOPMENT_TEAM = 95L82PNXV3;
				GENERATE_INFOPLIST_FILE = YES;
				MARKETING_VERSION = 1.0;
				PRODUCT_BUNDLE_IDENTIFIER = com.kamimi.JapanTravelRouletteUITests;
				PRODUCT_NAME = "$(TARGET_NAME)";
				SWIFT_EMIT_LOC_STRINGS = NO;
				SWIFT_VERSION = 5.0;
				TARGETED_DEVICE_FAMILY = "1,2";
				TEST_TARGET_NAME = JapanTravelRoulette;
			};
			name = Release;
		};
/* End XCBuildConfiguration section */

/* Begin XCConfigurationList section */
		D49D1FD9297425290050EA60 /* Build configuration list for PBXProject "JapanTravelRoulette" */ = {
			isa = XCConfigurationList;
			buildConfigurations = (
				D49D20002974252C0050EA60 /* Debug */,
				D49D20012974252C0050EA60 /* Release */,
			);
			defaultConfigurationIsVisible = 0;
			defaultConfigurationName = Release;
		};
		D49D20022974252C0050EA60 /* Build configuration list for PBXNativeTarget "JapanTravelRoulette" */ = {
			isa = XCConfigurationList;
			buildConfigurations = (
				D49D20032974252C0050EA60 /* Debug */,
				D49D20042974252C0050EA60 /* Release */,
			);
			defaultConfigurationIsVisible = 0;
			defaultConfigurationName = Release;
		};
		D49D20052974252C0050EA60 /* Build configuration list for PBXNativeTarget "JapanTravelRouletteTests" */ = {
			isa = XCConfigurationList;
			buildConfigurations = (
				D49D20062974252C0050EA60 /* Debug */,
				D49D20072974252C0050EA60 /* Release */,
			);
			defaultConfigurationIsVisible = 0;
			defaultConfigurationName = Release;
		};
		D49D20082974252C0050EA60 /* Build configuration list for PBXNativeTarget "JapanTravelRouletteUITests" */ = {
			isa = XCConfigurationList;
			buildConfigurations = (
				D49D20092974252C0050EA60 /* Debug */,
				D49D200A2974252C0050EA60 /* Release */,
			);
			defaultConfigurationIsVisible = 0;
			defaultConfigurationName = Release;
		};
/* End XCConfigurationList section */

/* Begin XCRemoteSwiftPackageReference section */
		D49D20192974B73C0050EA60 /* XCRemoteSwiftPackageReference "lottie-ios" */ = {
			isa = XCRemoteSwiftPackageReference;
			repositoryURL = "https://github.com/airbnb/lottie-ios";
			requirement = {
				kind = exactVersion;
				version = 4.0.1;
			};
		};
/* End XCRemoteSwiftPackageReference section */

/* Begin XCSwiftPackageProductDependency section */
		D49D201A2974B73C0050EA60 /* Lottie */ = {
			isa = XCSwiftPackageProductDependency;
			package = D49D20192974B73C0050EA60 /* XCRemoteSwiftPackageReference "lottie-ios" */;
			productName = Lottie;
		};
/* End XCSwiftPackageProductDependency section */
	};
	rootObject = D49D1FD6297425290050EA60 /* Project object */;
}
